
Microsoft Visual Studio Solution File, Format Version 12.00
Project("{FAE04EC0-301F-11D3-BF4B-00C04F79EFBC}") = "WorkingWithFiles", "WorkingWithFiles\WorkingWithFiles.csproj", "{63E1AA25-642A-49B0-9181-B1AD1B7B512E}"
EndProject
Global
	GlobalSection(SolutionConfigurationPlatforms) = preSolution
		Debug|Any CPU = Debug|Any CPU
		Release|Any CPU = Release|Any CPU
	EndGlobalSection
	GlobalSection(ProjectConfigurationPlatforms) = postSolution
		{63E1AA25-642A-49B0-9181-B1AD1B7B512E}.Debug|Any CPU.ActiveCfg = Debug|Any CPU
		{63E1AA25-642A-49B0-9181-B1AD1B7B512E}.Debug|Any CPU.Build.0 = Debug|Any CPU
		{63E1AA25-642A-49B0-9181-B1AD1B7B512E}.Release|Any CPU.ActiveCfg = Release|Any CPU
		{63E1AA25-642A-49B0-9181-B1AD1B7B512E}.Release|Any CPU.Build.0 = Release|Any CPU
	EndGlobalSection
EndGlobal
